
Microsoft Visual Studio Solution File, Format Version 12.00
# Visual Studio Version 17
VisualStudioVersion = 17.7.34202.233
MinimumVisualStudioVersion = 10.0.40219.1
Project("{2150E333-8FDC-42A3-9474-1A3956D46DE8}") = "src", "src", "{4AF2427F-6F37-4CFE-A3CA-804B34493399}"
EndProject
Project("{2150E333-8FDC-42A3-9474-1A3956D46DE8}") = "Building Blocks", "Building Blocks", "{696BC314-A05F-4C77-90A0-853829DCBCA3}"
EndProject
Project("{2150E333-8FDC-42A3-9474-1A3956D46DE8}") = "Services", "Services", "{4F2C5E4C-D87F-4601-9C57-59AD54CB0B16}"
EndProject
Project("{2150E333-8FDC-42A3-9474-1A3956D46DE8}") = "Web", "Web", "{FB252D14-6164-49DC-ABE6-7CC908BD8CD2}"
EndProject
Project("{2150E333-8FDC-42A3-9474-1A3956D46DE8}") = "Identidade", "Identidade", "{F25D74E7-8021-4663-B8F7-9C520918CE3A}"
EndProject
Project("{FAE04EC0-301F-11D3-BF4B-00C04F79EFBC}") = "IOStore.Identidade.API", "IOStore.Identidade.API\IOStore.Identidade.API.csproj", "{E2060CC7-4191-4356-833F-BF7B8CEC6504}"
EndProject
Project("{FAE04EC0-301F-11D3-BF4B-00C04F79EFBC}") = "IOStore.WebApp.MVC", "IOStore.WebApp.MVC\IOStore.WebApp.MVC.csproj", "{340FBD2C-1225-4F4B-BEF6-3D4BE9649247}"
EndProject
Project("{2150E333-8FDC-42A3-9474-1A3956D46DE8}") = "Core", "Core", "{CC7A8EF3-03D5-4175-AEA8-79B923E744A9}"
EndProject
Project("{FAE04EC0-301F-11D3-BF4B-00C04F79EFBC}") = "IOStore.Core", "src\building blocks\IOStore.Core\IOStore.Core.csproj", "{C371335A-C0B1-46BF-BD7D-BCF3B3C52C57}"
EndProject
Project("{2150E333-8FDC-42A3-9474-1A3956D46DE8}") = "Pagamento", "Pagamento", "{7EF1ADA1-418A-4147-B3D7-8C97C7759072}"
EndProject
Project("{2150E333-8FDC-42A3-9474-1A3956D46DE8}") = "Pedido", "Pedido", "{BFAC3E4C-C9C4-4A65-997F-07D9800F1EEB}"
EndProject
Project("{2150E333-8FDC-42A3-9474-1A3956D46DE8}") = "Carrinho", "Carrinho", "{F44433EF-83B5-4EC3-8DEA-F826C1801DFA}"
EndProject
Project("{2150E333-8FDC-42A3-9474-1A3956D46DE8}") = "Catalogo", "Catalogo", "{DB7DE8EE-CBB5-4E13-98E8-AE7029483E0B}"
EndProject
Project("{2150E333-8FDC-42A3-9474-1A3956D46DE8}") = "Cliente", "Cliente", "{567FC945-E6A3-4443-AFDA-8C964E790E45}"
EndProject
Project("{FAE04EC0-301F-11D3-BF4B-00C04F79EFBC}") = "IOStore.Carrinho.API", "IOStore.Carrinho.API\IOStore.Carrinho.API.csproj", "{1B576488-1CF1-4332-95B5-1F13E844C93E}"
EndProject
Project("{FAE04EC0-301F-11D3-BF4B-00C04F79EFBC}") = "IOStore.Catalogo.API", "IOStore.Catalogo.API\IOStore.Catalogo.API.csproj", "{8597C4B4-6DFD-4823-B4E0-94350F49CD2F}"
EndProject
Project("{FAE04EC0-301F-11D3-BF4B-00C04F79EFBC}") = "IOStore.Cliente.API", "IOStore.Cliente.API\IOStore.Cliente.API.csproj", "{12321A72-5A59-49F1-9380-BFA68E4031F1}"
EndProject
Project("{FAE04EC0-301F-11D3-BF4B-00C04F79EFBC}") = "IOStore.Pagamento.API", "IOStore.Pagamento.API\IOStore.Pagamento.API.csproj", "{2CE4C644-1E26-4F5C-ADE6-0B4454E6F7A5}"
EndProject
Project("{FAE04EC0-301F-11D3-BF4B-00C04F79EFBC}") = "IOStore.Pedido.API", "IOStore.Pedido.API\IOStore.Pedido.API.csproj", "{DB05457F-FEEB-400C-BF07-D912B3DF4C56}"
EndProject
Global
	GlobalSection(SolutionConfigurationPlatforms) = preSolution
		Debug|Any CPU = Debug|Any CPU
		Release|Any CPU = Release|Any CPU
	EndGlobalSection
	GlobalSection(ProjectConfigurationPlatforms) = postSolution
		{E2060CC7-4191-4356-833F-BF7B8CEC6504}.Debug|Any CPU.ActiveCfg = Debug|Any CPU
		{E2060CC7-4191-4356-833F-BF7B8CEC6504}.Debug|Any CPU.Build.0 = Debug|Any CPU
		{E2060CC7-4191-4356-833F-BF7B8CEC6504}.Release|Any CPU.ActiveCfg = Release|Any CPU
		{E2060CC7-4191-4356-833F-BF7B8CEC6504}.Release|Any CPU.Build.0 = Release|Any CPU
		{340FBD2C-1225-4F4B-BEF6-3D4BE9649247}.Debug|Any CPU.ActiveCfg = Debug|Any CPU
		{340FBD2C-1225-4F4B-BEF6-3D4BE9649247}.Debug|Any CPU.Build.0 = Debug|Any CPU
		{340FBD2C-1225-4F4B-BEF6-3D4BE9649247}.Release|Any CPU.ActiveCfg = Release|Any CPU
		{340FBD2C-1225-4F4B-BEF6-3D4BE9649247}.Release|Any CPU.Build.0 = Release|Any CPU
		{C371335A-C0B1-46BF-BD7D-BCF3B3C52C57}.Debug|Any CPU.ActiveCfg = Debug|Any CPU
		{C371335A-C0B1-46BF-BD7D-BCF3B3C52C57}.Debug|Any CPU.Build.0 = Debug|Any CPU
		{C371335A-C0B1-46BF-BD7D-BCF3B3C52C57}.Release|Any CPU.ActiveCfg = Release|Any CPU
		{C371335A-C0B1-46BF-BD7D-BCF3B3C52C57}.Release|Any CPU.Build.0 = Release|Any CPU
		{1B576488-1CF1-4332-95B5-1F13E844C93E}.Debug|Any CPU.ActiveCfg = Debug|Any CPU
		{1B576488-1CF1-4332-95B5-1F13E844C93E}.Debug|Any CPU.Build.0 = Debug|Any CPU
		{1B576488-1CF1-4332-95B5-1F13E844C93E}.Release|Any CPU.ActiveCfg = Release|Any CPU
		{1B576488-1CF1-4332-95B5-1F13E844C93E}.Release|Any CPU.Build.0 = Release|Any CPU
		{8597C4B4-6DFD-4823-B4E0-94350F49CD2F}.Debug|Any CPU.ActiveCfg = Debug|Any CPU
		{8597C4B4-6DFD-4823-B4E0-94350F49CD2F}.Debug|Any CPU.Build.0 = Debug|Any CPU
		{8597C4B4-6DFD-4823-B4E0-94350F49CD2F}.Release|Any CPU.ActiveCfg = Release|Any CPU
		{8597C4B4-6DFD-4823-B4E0-94350F49CD2F}.Release|Any CPU.Build.0 = Release|Any CPU
		{12321A72-5A59-49F1-9380-BFA68E4031F1}.Debug|Any CPU.ActiveCfg = Debug|Any CPU
		{12321A72-5A59-49F1-9380-BFA68E4031F1}.Debug|Any CPU.Build.0 = Debug|Any CPU
		{12321A72-5A59-49F1-9380-BFA68E4031F1}.Release|Any CPU.ActiveCfg = Release|Any CPU
		{12321A72-5A59-49F1-9380-BFA68E4031F1}.Release|Any CPU.Build.0 = Release|Any CPU
		{2CE4C644-1E26-4F5C-ADE6-0B4454E6F7A5}.Debug|Any CPU.ActiveCfg = Debug|Any CPU
		{2CE4C644-1E26-4F5C-ADE6-0B4454E6F7A5}.Debug|Any CPU.Build.0 = Debug|Any CPU
		{2CE4C644-1E26-4F5C-ADE6-0B4454E6F7A5}.Release|Any CPU.ActiveCfg = Release|Any CPU
		{2CE4C644-1E26-4F5C-ADE6-0B4454E6F7A5}.Release|Any CPU.Build.0 = Release|Any CPU
		{DB05457F-FEEB-400C-BF07-D912B3DF4C56}.Debug|Any CPU.ActiveCfg = Debug|Any CPU
		{DB05457F-FEEB-400C-BF07-D912B3DF4C56}.Debug|Any CPU.Build.0 = Debug|Any CPU
		{DB05457F-FEEB-400C-BF07-D912B3DF4C56}.Release|Any CPU.ActiveCfg = Release|Any CPU
		{DB05457F-FEEB-400C-BF07-D912B3DF4C56}.Release|Any CPU.Build.0 = Release|Any CPU
	EndGlobalSection
	GlobalSection(SolutionProperties) = preSolution
		HideSolutionNode = FALSE
	EndGlobalSection
	GlobalSection(NestedProjects) = preSolution
		{696BC314-A05F-4C77-90A0-853829DCBCA3} = {4AF2427F-6F37-4CFE-A3CA-804B34493399}
		{4F2C5E4C-D87F-4601-9C57-59AD54CB0B16} = {4AF2427F-6F37-4CFE-A3CA-804B34493399}
		{FB252D14-6164-49DC-ABE6-7CC908BD8CD2} = {4AF2427F-6F37-4CFE-A3CA-804B34493399}
		{F25D74E7-8021-4663-B8F7-9C520918CE3A} = {4F2C5E4C-D87F-4601-9C57-59AD54CB0B16}
		{E2060CC7-4191-4356-833F-BF7B8CEC6504} = {F25D74E7-8021-4663-B8F7-9C520918CE3A}
		{340FBD2C-1225-4F4B-BEF6-3D4BE9649247} = {FB252D14-6164-49DC-ABE6-7CC908BD8CD2}
		{CC7A8EF3-03D5-4175-AEA8-79B923E744A9} = {696BC314-A05F-4C77-90A0-853829DCBCA3}
		{C371335A-C0B1-46BF-BD7D-BCF3B3C52C57} = {CC7A8EF3-03D5-4175-AEA8-79B923E744A9}
		{7EF1ADA1-418A-4147-B3D7-8C97C7759072} = {4F2C5E4C-D87F-4601-9C57-59AD54CB0B16}
		{BFAC3E4C-C9C4-4A65-997F-07D9800F1EEB} = {4F2C5E4C-D87F-4601-9C57-59AD54CB0B16}
		{F44433EF-83B5-4EC3-8DEA-F826C1801DFA} = {4F2C5E4C-D87F-4601-9C57-59AD54CB0B16}
		{DB7DE8EE-CBB5-4E13-98E8-AE7029483E0B} = {4F2C5E4C-D87F-4601-9C57-59AD54CB0B16}
		{567FC945-E6A3-4443-AFDA-8C964E790E45} = {4F2C5E4C-D87F-4601-9C57-59AD54CB0B16}
		{1B576488-1CF1-4332-95B5-1F13E844C93E} = {F44433EF-83B5-4EC3-8DEA-F826C1801DFA}
		{8597C4B4-6DFD-4823-B4E0-94350F49CD2F} = {DB7DE8EE-CBB5-4E13-98E8-AE7029483E0B}
		{12321A72-5A59-49F1-9380-BFA68E4031F1} = {567FC945-E6A3-4443-AFDA-8C964E790E45}
		{2CE4C644-1E26-4F5C-ADE6-0B4454E6F7A5} = {7EF1ADA1-418A-4147-B3D7-8C97C7759072}
		{DB05457F-FEEB-400C-BF07-D912B3DF4C56} = {BFAC3E4C-C9C4-4A65-997F-07D9800F1EEB}
	EndGlobalSection
	GlobalSection(ExtensibilityGlobals) = postSolution
		SolutionGuid = {9AB52C8F-D61F-421C-8EF8-8E0E222B77B0}
	EndGlobalSection
EndGlobal
